// !$*UTF8*$!
{
	archiveVersion = 1;
	classes = {
	};
	objectVersion = 50;
	objects = {

/* Begin PBXBuildFile section */
		70FC57FC2386BF3100258ACB /* AppDelegate.swift in Sources */ = {isa = PBXBuildFile; fileRef = 70FC57FB2386BF3100258ACB /* AppDelegate.swift */; };
		70FC57FE2386BF3100258ACB /* SceneDelegate.swift in Sources */ = {isa = PBXBuildFile; fileRef = 70FC57FD2386BF3100258ACB /* SceneDelegate.swift */; };
		70FC58002386BF3100258ACB /* ViewController.swift in Sources */ = {isa = PBXBuildFile; fileRef = 70FC57FF2386BF3100258ACB /* ViewController.swift */; };
		70FC58032386BF3100258ACB /* Main.storyboard in Resources */ = {isa = PBXBuildFile; fileRef = 70FC58012386BF3100258ACB /* Main.storyboard */; };
		70FC58052386BF3200258ACB /* Assets.xcassets in Resources */ = {isa = PBXBuildFile; fileRef = 70FC58042386BF3200258ACB /* Assets.xcassets */; };
		70FC58082386BF3200258ACB /* LaunchScreen.storyboard in Resources */ = {isa = PBXBuildFile; fileRef = 70FC58062386BF3200258ACB /* LaunchScreen.storyboard */; };
/* End PBXBuildFile section */

/* Begin PBXFileReference section */
		70FC57F82386BF3100258ACB /* 19-11-21_task_third.app */ = {isa = PBXFileReference; explicitFileType = wrapper.application; includeInIndex = 0; path = "19-11-21_task_third.app"; sourceTree = BUILT_PRODUCTS_DIR; };
		70FC57FB2386BF3100258ACB /* AppDelegate.swift */ = {isa = PBXFileReference; lastKnownFileType = sourcecode.swift; path = AppDelegate.swift; sourceTree = "<group>"; };
		70FC57FD2386BF3100258ACB /* SceneDelegate.swift */ = {isa = PBXFileReference; lastKnownFileType = sourcecode.swift; path = SceneDelegate.swift; sourceTree = "<group>"; };
		70FC57FF2386BF3100258ACB /* ViewController.swift */ = {isa = PBXFileReference; lastKnownFileType = sourcecode.swift; path = ViewController.swift; sourceTree = "<group>"; };
		70FC58022386BF3100258ACB /* Base */ = {isa = PBXFileReference; lastKnownFileType = file.storyboard; name = Base; path = Base.lproj/Main.storyboard; sourceTree = "<group>"; };
		70FC58042386BF3200258ACB /* Assets.xcassets */ = {isa = PBXFileReference; lastKnownFileType = folder.assetcatalog; path = Assets.xcassets; sourceTree = "<group>"; };
		70FC58072386BF3200258ACB /* Base */ = {isa = PBXFileReference; lastKnownFileType = file.storyboard; name = Base; path = Base.lproj/LaunchScreen.storyboard; sourceTree = "<group>"; };
		70FC58092386BF3200258ACB /* Info.plist */ = {isa = PBXFileReference; lastKnownFileType = text.plist.xml; path = Info.plist; sourceTree = "<group>"; };
/* End PBXFileReference section */

/* Begin PBXFrameworksBuildPhase section */
		70FC57F52386BF3100258ACB /* Frameworks */ = {
			isa = PBXFrameworksBuildPhase;
			buildActionMask = 2147483647;
			files = (
			);
			runOnlyForDeploymentPostprocessing = 0;
		};
/* End PBXFrameworksBuildPhase section */

/* Begin PBXGroup section */
		70FC57EF2386BF3100258ACB = {
			isa = PBXGroup;
			children = (
				70FC57FA2386BF3100258ACB /* 19-11-21_task_third */,
				70FC57F92386BF3100258ACB /* Products */,
			);
			sourceTree = "<group>";
		};
		70FC57F92386BF3100258ACB /* Products */ = {
			isa = PBXGroup;
			children = (
				70FC57F82386BF3100258ACB /* 19-11-21_task_third.app */,
			);
			name = Products;
			sourceTree = "<group>";
		};
		70FC57FA2386BF3100258ACB /* 19-11-21_task_third */ = {
			isa = PBXGroup;
			children = (
				70FC57FB2386BF3100258ACB /* AppDelegate.swift */,
				70FC57FD2386BF3100258ACB /* SceneDelegate.swift */,
				70FC57FF2386BF3100258ACB /* ViewController.swift */,
				70FC58012386BF3100258ACB /* Main.storyboard */,
				70FC58042386BF3200258ACB /* Assets.xcassets */,
				70FC58062386BF3200258ACB /* LaunchScreen.storyboard */,
				70FC58092386BF3200258ACB /* Info.plist */,
			);
			path = "19-11-21_task_third";
			sourceTree = "<group>";
		};
/* End PBXGroup section */

/* Begin PBXNativeTarget section */
		70FC57F72386BF3100258ACB /* 19-11-21_task_third */ = {
			isa = PBXNativeTarget;
			buildConfigurationList = 70FC580C2386BF3200258ACB /* Build configuration list for PBXNativeTarget "19-11-21_task_third" */;
			buildPhases = (
				70FC57F42386BF3100258ACB /* Sources */,
				70FC57F52386BF3100258ACB /* Frameworks */,
				70FC57F62386BF3100258ACB /* Resources */,
			);
			buildRules = (
			);
			dependencies = (
			);
			name = "19-11-21_task_third";
			productName = "19-11-21_task_third";
			productReference = 70FC57F82386BF3100258ACB /* 19-11-21_task_third.app */;
			productType = "com.apple.product-type.application";
		};
/* End PBXNativeTarget section */

/* Begin PBXProject section */
		70FC57F02386BF3100258ACB /* Project object */ = {
			isa = PBXProject;
			attributes = {
				LastSwiftUpdateCheck = 1120;
				LastUpgradeCheck = 1120;
				ORGANIZATIONNAME = Hailey;
				TargetAttributes = {
					70FC57F72386BF3100258ACB = {
						CreatedOnToolsVersion = 11.2;
					};
				};
			};
			buildConfigurationList = 70FC57F32386BF3100258ACB /* Build configuration list for PBXProject "19-11-21_task_third" */;
			compatibilityVersion = "Xcode 9.3";
			developmentRegion = en;
			hasScannedForEncodings = 0;
			knownRegions = (
				en,
				Base,
			);
			mainGroup = 70FC57EF2386BF3100258ACB;
			productRefGroup = 70FC57F92386BF3100258ACB /* Products */;
			projectDirPath = "";
			projectRoot = "";
			targets = (
				70FC57F72386BF3100258ACB /* 19-11-21_task_third */,
			);
		};
/* End PBXProject section */

/* Begin PBXResourcesBuildPhase section */
		70FC57F62386BF3100258ACB /* Resources */ = {
			isa = PBXResourcesBuildPhase;
			buildActionMask = 2147483647;
			files = (
				70FC58082386BF3200258ACB /* LaunchScreen.storyboard in Resources */,
				70FC58052386BF3200258ACB /* Assets.xcassets in Resources */,
				70FC58032386BF3100258ACB /* Main.storyboard in Resources */,
			);
			runOnlyForDeploymentPostprocessing = 0;
		};
/* End PBXResourcesBuildPhase section */

/* Begin PBXSourcesBuildPhase section */
		70FC57F42386BF3100258ACB /* Sources */ = {
			isa = PBXSourcesBuildPhase;
			buildActionMask = 2147483647;
			files = (
				70FC58002386BF3100258ACB /* ViewController.swift in Sources */,
				70FC57FC2386BF3100258ACB /* AppDelegate.swift in Sources */,
				70FC57FE2386BF3100258ACB /* SceneDelegate.swift in Sources */,
			);
			runOnlyForDeploymentPostprocessing = 0;
		};
/* End PBXSourcesBuildPhase section */

/* Begin PBXVariantGroup section */
		70FC58012386BF3100258ACB /* Main.storyboard */ = {
			isa = PBXVariantGroup;
			children = (
				70FC58022386BF3100258ACB /* Base */,
			);
			name = Main.storyboard;
			sourceTree = "<group>";
		};
		70FC58062386BF3200258ACB /* LaunchScreen.storyboard */ = {
			isa = PBXVariantGroup;
			children = (
				70FC58072386BF3200258ACB /* Base */,
			);
			name = LaunchScreen.storyboard;
			sourceTree = "<group>";
		};
/* End PBXVariantGroup section */

/* Begin XCBuildConfiguration section */
		70FC580A2386BF3200258ACB /* Debug */ = {
			isa = XCBuildConfiguration;
			buildSettings = {
				ALWAYS_SEARCH_USER_PATHS = NO;
				CLANG_ANALYZER_NONNULL = YES;
				CLANG_ANALYZER_NUMBER_OBJECT_CONVERSION = YES_AGGRESSIVE;
				CLANG_CXX_LANGUAGE_STANDARD = "gnu++14";
				CLANG_CXX_LIBRARY = "libc++";
				CLANG_ENABLE_MODULES = YES;
				CLANG_ENABLE_OBJC_ARC = YES;
				CLANG_ENABLE_OBJC_WEAK = YES;
				CLANG_WARN_BLOCK_CAPTURE_AUTORELEASING = YES;
				CLANG_WARN_BOOL_CONVERSION = YES;
				CLANG_WARN_COMMA = YES;
				CLANG_WARN_CONSTANT_CONVERSION = YES;
				CLANG_WARN_DEPRECATED_OBJC_IMPLEMENTATIONS = YES;
				CLANG_WARN_DIRECT_OBJC_ISA_USAGE = YES_ERROR;
				CLANG_WARN_DOCUMENTATION_COMMENTS = YES;
				CLANG_WARN_EMPTY_BODY = YES;
				CLANG_WARN_ENUM_CONVERSION = YES;
				CLANG_WARN_INFINITE_RECURSION = YES;
				CLANG_WARN_INT_CONVERSION = YES;
				CLANG_WARN_NON_LITERAL_NULL_CONVERSION = YES;
				CLANG_WARN_OBJC_IMPLICIT_RETAIN_SELF = YES;
				CLANG_WARN_OBJC_LITERAL_CONVERSION = YES;
				CLANG_WARN_OBJC_ROOT_CLASS = YES_ERROR;
				CLANG_WARN_RANGE_LOOP_ANALYSIS = YES;
				CLANG_WARN_STRICT_PROTOTYPES = YES;
				CLANG_WARN_SUSPICIOUS_MOVE = YES;
				CLANG_WARN_UNGUARDED_AVAILABILITY = YES_AGGRESSIVE;
				CLANG_WARN_UNREACHABLE_CODE = YES;
				CLANG_WARN__DUPLICATE_METHOD_MATCH = YES;
				COPY_PHASE_STRIP = NO;
				DEBUG_INFORMATION_FORMAT = dwarf;
				ENABLE_STRICT_OBJC_MSGSEND = YES;
				ENABLE_TESTABILITY = YES;
				GCC_C_LANGUAGE_STANDARD = gnu11;
				GCC_DYNAMIC_NO_PIC = NO;
				GCC_NO_COMMON_BLOCKS = YES;
				GCC_OPTIMIZATION_LEVEL = 0;
				GCC_PREPROCESSOR_DEFINITIONS = (
					"DEBUG=1",
					"$(inherited)",
				);
				GCC_WARN_64_TO_32_BIT_CONVERSION = YES;
				GCC_WARN_ABOUT_RETURN_TYPE = YES_ERROR;
				GCC_WARN_UNDECLARED_SELECTOR = YES;
				GCC_WARN_UNINITIALIZED_AUTOS = YES_AGGRESSIVE;
				GCC_WARN_UNUSED_FUNCTION = YES;
				GCC_WARN_UNUSED_VARIABLE = YES;
				IPHONEOS_DEPLOYMENT_TARGET = 13.2;
				MTL_ENABLE_DEBUG_INFO = INCLUDE_SOURCE;
				MTL_FAST_MATH = YES;
				ONLY_ACTIVE_ARCH = YES;
				SDKROOT = iphoneos;
				SWIFT_ACTIVE_COMPILATION_CONDITIONS = DEBUG;
				SWIFT_OPTIMIZATION_LEVEL = "-Onone";
			};
			name = Debug;
		};
		70FC580B2386BF3200258ACB /* Release */ = {
			isa = XCBuildConfiguration;
			buildSettings = {
				ALWAYS_SEARCH_USER_PATHS = NO;
				CLANG_ANALYZER_NONNULL = YES;
				CLANG_ANALYZER_NUMBER_OBJECT_CONVERSION = YES_AGGRESSIVE;
				CLANG_CXX_LANGUAGE_STANDARD = "gnu++14";
				CLANG_CXX_LIBRARY = "libc++";
				CLANG_ENABLE_MODULES = YES;
				CLANG_ENABLE_OBJC_ARC = YES;
				CLANG_ENABLE_OBJC_WEAK = YES;
				CLANG_WARN_BLOCK_CAPTURE_AUTORELEASING = YES;
				CLANG_WARN_BOOL_CONVERSION = YES;
				CLANG_WARN_COMMA = YES;
				CLANG_WARN_CONSTANT_CONVERSION = YES;
				CLANG_WARN_DEPRECATED_OBJC_IMPLEMENTATIONS = YES;
				CLANG_WARN_DIRECT_OBJC_ISA_USAGE = YES_ERROR;
				CLANG_WARN_DOCUMENTATION_COMMENTS = YES;
				CLANG_WARN_EMPTY_BODY = YES;
				CLANG_WARN_ENUM_CONVERSION = YES;
				CLANG_WARN_INFINITE_RECURSION = YES;
				CLANG_WARN_INT_CONVERSION = YES;
				CLANG_WARN_NON_LITERAL_NULL_CONVERSION = YES;
				CLANG_WARN_OBJC_IMPLICIT_RETAIN_SELF = YES;
				CLANG_WARN_OBJC_LITERAL_CONVERSION = YES;
				CLANG_WARN_OBJC_ROOT_CLASS = YES_ERROR;
				CLANG_WARN_RANGE_LOOP_ANALYSIS = YES;
				CLANG_WARN_STRICT_PROTOTYPES = YES;
				CLANG_WARN_SUSPICIOUS_MOVE = YES;
				CLANG_WARN_UNGUARDED_AVAILABILITY = YES_AGGRESSIVE;
				CLANG_WARN_UNREACHABLE_CODE = YES;
				CLANG_WARN__DUPLICATE_METHOD_MATCH = YES;
				COPY_PHASE_STRIP = NO;
				DEBUG_INFORMATION_FORMAT = "dwarf-with-dsym";
				ENABLE_NS_ASSERTIONS = NO;
				ENABLE_STRICT_OBJC_MSGSEND = YES;
				GCC_C_LANGUAGE_STANDARD = gnu11;
				GCC_NO_COMMON_BLOCKS = YES;
				GCC_WARN_64_TO_32_BIT_CONVERSION = YES;
				GCC_WARN_ABOUT_RETURN_TYPE = YES_ERROR;
				GCC_WARN_UNDECLARED_SELECTOR = YES;
				GCC_WARN_UNINITIALIZED_AUTOS = YES_AGGRESSIVE;
				GCC_WARN_UNUSED_FUNCTION = YES;
				GCC_WARN_UNUSED_VARIABLE = YES;
				IPHONEOS_DEPLOYMENT_TARGET = 13.2;
				MTL_ENABLE_DEBUG_INFO = NO;
				MTL_FAST_MATH = YES;
				SDKROOT = iphoneos;
				SWIFT_COMPILATION_MODE = wholemodule;
				SWIFT_OPTIMIZATION_LEVEL = "-O";
				VALIDATE_PRODUCT = YES;
			};
			name = Release;
		};
		70FC580D2386BF3200258ACB /* Debug */ = {
			isa = XCBuildConfiguration;
			buildSettings = {
				ASSETCATALOG_COMPILER_APPICON_NAME = AppIcon;
				CODE_SIGN_STYLE = Automatic;
				DEVELOPMENT_TEAM = 6JEGC4LC92;
				INFOPLIST_FILE = "19-11-21_task_third/Info.plist";
				LD_RUNPATH_SEARCH_PATHS = (
					"$(inherited)",
					"@executable_path/Frameworks",
				);
				PRODUCT_BUNDLE_IDENTIFIER = "com.hailey.-9-11-21-task-third";
				PRODUCT_NAME = "$(TARGET_NAME)";
				SWIFT_VERSION = 5.0;
				TARGETED_DEVICE_FAMILY = "1,2";
			};
			name = Debug;
		};
		70FC580E2386BF3200258ACB /* Release */ = {
			isa = XCBuildConfiguration;
			buildSettings = {
				ASSETCATALOG_COMPILER_APPICON_NAME = AppIcon;
				CODE_SIGN_STYLE = Automatic;
				DEVELOPMENT_TEAM = 6JEGC4LC92;
				INFOPLIST_FILE = "19-11-21_task_third/Info.plist";
				LD_RUNPATH_SEARCH_PATHS = (
					"$(inherited)",
					"@executable_path/Frameworks",
				);
				PRODUCT_BUNDLE_IDENTIFIER = "com.hailey.-9-11-21-task-third";
				PRODUCT_NAME = "$(TARGET_NAME)";
				SWIFT_VERSION = 5.0;
				TARGETED_DEVICE_FAMILY = "1,2";
			};
			name = Release;
		};
/* End XCBuildConfiguration section */

/* Begin XCConfigurationList section */
		70FC57F32386BF3100258ACB /* Build configuration list for PBXProject "19-11-21_task_third" */ = {
			isa = XCConfigurationList;
			buildConfigurations = (
				70FC580A2386BF3200258ACB /* Debug */,
				70FC580B2386BF3200258ACB /* Release */,
			);
			defaultConfigurationIsVisible = 0;
			defaultConfigurationName = Release;
		};
		70FC580C2386BF3200258ACB /* Build configuration list for PBXNativeTarget "19-11-21_task_third" */ = {
			isa = XCConfigurationList;
			buildConfigurations = (
				70FC580D2386BF3200258ACB /* Debug */,
				70FC580E2386BF3200258ACB /* Release */,
			);
			defaultConfigurationIsVisible = 0;
			defaultConfigurationName = Release;
		};
/* End XCConfigurationList section */
	};
	rootObject = 70FC57F02386BF3100258ACB /* Project object */;
}
