PODS:
  - RAMAnimatedTabBarController (5.1.0)

DEPENDENCIES:
  - RAMAnimatedTabBarController

SPEC REPOS:
  trunk:
    - RAMAnimatedTabBarController

SPEC CHECKSUMS:
  RAMAnimatedTabBarController: b5c821298071fded801532216ad8a24394f89859

PODFILE CHECKSUM: b5c78a6e9b83b1ca79b1934ecd3cc50c659173ee

COCOAPODS: 1.8.4
