// !$*UTF8*$!
{
	archiveVersion = 1;
	classes = {
	};
	objectVersion = 50;
	objects = {

/* Begin PBXBuildFile section */
		70AC183923FE576A005FD23D /* AppDelegate.swift in Sources */ = {isa = PBXBuildFile; fileRef = 70AC183823FE576A005FD23D /* AppDelegate.swift */; };
		70AC183B23FE576A005FD23D /* SceneDelegate.swift in Sources */ = {isa = PBXBuildFile; fileRef = 70AC183A23FE576A005FD23D /* SceneDelegate.swift */; };
		70AC183D23FE576A005FD23D /* ViewController.swift in Sources */ = {isa = PBXBuildFile; fileRef = 70AC183C23FE576A005FD23D /* ViewController.swift */; };
		70AC184023FE576A005FD23D /* Main.storyboard in Resources */ = {isa = PBXBuildFile; fileRef = 70AC183E23FE576A005FD23D /* Main.storyboard */; };
		70AC184223FE576E005FD23D /* Assets.xcassets in Resources */ = {isa = PBXBuildFile; fileRef = 70AC184123FE576E005FD23D /* Assets.xcassets */; };
		70AC184523FE576E005FD23D /* LaunchScreen.storyboard in Resources */ = {isa = PBXBuildFile; fileRef = 70AC184323FE576E005FD23D /* LaunchScreen.storyboard */; };
		70AC185023FE5E5F005FD23D /* SnapKit.framework in Frameworks */ = {isa = PBXBuildFile; fileRef = 70AC184D23FE5C01005FD23D /* SnapKit.framework */; };
/* End PBXBuildFile section */

/* Begin PBXFileReference section */
		70AC183523FE576A005FD23D /* CarthagoExample.app */ = {isa = PBXFileReference; explicitFileType = wrapper.application; includeInIndex = 0; path = CarthagoExample.app; sourceTree = BUILT_PRODUCTS_DIR; };
		70AC183823FE576A005FD23D /* AppDelegate.swift */ = {isa = PBXFileReference; lastKnownFileType = sourcecode.swift; path = AppDelegate.swift; sourceTree = "<group>"; };
		70AC183A23FE576A005FD23D /* SceneDelegate.swift */ = {isa = PBXFileReference; lastKnownFileType = sourcecode.swift; path = SceneDelegate.swift; sourceTree = "<group>"; };
		70AC183C23FE576A005FD23D /* ViewController.swift */ = {isa = PBXFileReference; lastKnownFileType = sourcecode.swift; path = ViewController.swift; sourceTree = "<group>"; };
		70AC183F23FE576A005FD23D /* Base */ = {isa = PBXFileReference; lastKnownFileType = file.storyboard; name = Base; path = Base.lproj/Main.storyboard; sourceTree = "<group>"; };
		70AC184123FE576E005FD23D /* Assets.xcassets */ = {isa = PBXFileReference; lastKnownFileType = folder.assetcatalog; path = Assets.xcassets; sourceTree = "<group>"; };
		70AC184423FE576E005FD23D /* Base */ = {isa = PBXFileReference; lastKnownFileType = file.storyboard; name = Base; path = Base.lproj/LaunchScreen.storyboard; sourceTree = "<group>"; };
		70AC184623FE576E005FD23D /* Info.plist */ = {isa = PBXFileReference; lastKnownFileType = text.plist.xml; path = Info.plist; sourceTree = "<group>"; };
		70AC184D23FE5C01005FD23D /* SnapKit.framework */ = {isa = PBXFileReference; lastKnownFileType = wrapper.framework; name = SnapKit.framework; path = Carthage/Build/iOS/SnapKit.framework; sourceTree = "<group>"; };
/* End PBXFileReference section */

/* Begin PBXFrameworksBuildPhase section */
		70AC183223FE576A005FD23D /* Frameworks */ = {
			isa = PBXFrameworksBuildPhase;
			buildActionMask = 2147483647;
			files = (
				70AC185023FE5E5F005FD23D /* SnapKit.framework in Frameworks */,
			);
			runOnlyForDeploymentPostprocessing = 0;
		};
/* End PBXFrameworksBuildPhase section */

/* Begin PBXGroup section */
		70AC182C23FE576A005FD23D = {
			isa = PBXGroup;
			children = (
				70AC183723FE576A005FD23D /* CarthagoExample */,
				70AC183623FE576A005FD23D /* Products */,
				70AC184C23FE5C01005FD23D /* Frameworks */,
			);
			sourceTree = "<group>";
		};
		70AC183623FE576A005FD23D /* Products */ = {
			isa = PBXGroup;
			children = (
				70AC183523FE576A005FD23D /* CarthagoExample.app */,
			);
			name = Products;
			sourceTree = "<group>";
		};
		70AC183723FE576A005FD23D /* CarthagoExample */ = {
			isa = PBXGroup;
			children = (
				70AC183823FE576A005FD23D /* AppDelegate.swift */,
				70AC183A23FE576A005FD23D /* SceneDelegate.swift */,
				70AC183C23FE576A005FD23D /* ViewController.swift */,
				70AC183E23FE576A005FD23D /* Main.storyboard */,
				70AC184123FE576E005FD23D /* Assets.xcassets */,
				70AC184323FE576E005FD23D /* LaunchScreen.storyboard */,
				70AC184623FE576E005FD23D /* Info.plist */,
			);
			path = CarthagoExample;
			sourceTree = "<group>";
		};
		70AC184C23FE5C01005FD23D /* Frameworks */ = {
			isa = PBXGroup;
			children = (
				70AC184D23FE5C01005FD23D /* SnapKit.framework */,
			);
			name = Frameworks;
			sourceTree = "<group>";
		};
/* End PBXGroup section */

/* Begin PBXNativeTarget section */
		70AC183423FE576A005FD23D /* CarthagoExample */ = {
			isa = PBXNativeTarget;
			buildConfigurationList = 70AC184923FE576E005FD23D /* Build configuration list for PBXNativeTarget "CarthagoExample" */;
			buildPhases = (
				70AC183123FE576A005FD23D /* Sources */,
				70AC183223FE576A005FD23D /* Frameworks */,
				70AC183323FE576A005FD23D /* Resources */,
				70AC184F23FE5C38005FD23D /* ShellScript */,
			);
			buildRules = (
			);
			dependencies = (
			);
			name = CarthagoExample;
			productName = CarthagoExample;
			productReference = 70AC183523FE576A005FD23D /* CarthagoExample.app */;
			productType = "com.apple.product-type.application";
		};
/* End PBXNativeTarget section */

/* Begin PBXProject section */
		70AC182D23FE576A005FD23D /* Project object */ = {
			isa = PBXProject;
			attributes = {
				LastSwiftUpdateCheck = 1130;
				LastUpgradeCheck = 1130;
				ORGANIZATIONNAME = Hailey;
				TargetAttributes = {
					70AC183423FE576A005FD23D = {
						CreatedOnToolsVersion = 11.3.1;
					};
				};
			};
			buildConfigurationList = 70AC183023FE576A005FD23D /* Build configuration list for PBXProject "CarthagoExample" */;
			compatibilityVersion = "Xcode 9.3";
			developmentRegion = en;
			hasScannedForEncodings = 0;
			knownRegions = (
				en,
				Base,
			);
			mainGroup = 70AC182C23FE576A005FD23D;
			productRefGroup = 70AC183623FE576A005FD23D /* Products */;
			projectDirPath = "";
			projectRoot = "";
			targets = (
				70AC183423FE576A005FD23D /* CarthagoExample */,
			);
		};
/* End PBXProject section */

/* Begin PBXResourcesBuildPhase section */
		70AC183323FE576A005FD23D /* Resources */ = {
			isa = PBXResourcesBuildPhase;
			buildActionMask = 2147483647;
			files = (
				70AC184523FE576E005FD23D /* LaunchScreen.storyboard in Resources */,
				70AC184223FE576E005FD23D /* Assets.xcassets in Resources */,
				70AC184023FE576A005FD23D /* Main.storyboard in Resources */,
			);
			runOnlyForDeploymentPostprocessing = 0;
		};
/* End PBXResourcesBuildPhase section */

/* Begin PBXShellScriptBuildPhase section */
		70AC184F23FE5C38005FD23D /* ShellScript */ = {
			isa = PBXShellScriptBuildPhase;
			buildActionMask = 2147483647;
			files = (
			);
			inputFileListPaths = (
			);
			inputPaths = (
				"$(SRCROOT)/Carthage/Build/iOS/SnapKit.framework",
			);
			outputFileListPaths = (
			);
			outputPaths = (
			);
			runOnlyForDeploymentPostprocessing = 0;
			shellPath = /bin/sh;
			shellScript = "/usr/local/bin/carthage copy-frameworks\n";
		};
/* End PBXShellScriptBuildPhase section */

/* Begin PBXSourcesBuildPhase section */
		70AC183123FE576A005FD23D /* Sources */ = {
			isa = PBXSourcesBuildPhase;
			buildActionMask = 2147483647;
			files = (
				70AC183D23FE576A005FD23D /* ViewController.swift in Sources */,
				70AC183923FE576A005FD23D /* AppDelegate.swift in Sources */,
				70AC183B23FE576A005FD23D /* SceneDelegate.swift in Sources */,
			);
			runOnlyForDeploymentPostprocessing = 0;
		};
/* End PBXSourcesBuildPhase section */

/* Begin PBXVariantGroup section */
		70AC183E23FE576A005FD23D /* Main.storyboard */ = {
			isa = PBXVariantGroup;
			children = (
				70AC183F23FE576A005FD23D /* Base */,
			);
			name = Main.storyboard;
			sourceTree = "<group>";
		};
		70AC184323FE576E005FD23D /* LaunchScreen.storyboard */ = {
			isa = PBXVariantGroup;
			children = (
				70AC184423FE576E005FD23D /* Base */,
			);
			name = LaunchScreen.storyboard;
			sourceTree = "<group>";
		};
/* End PBXVariantGroup section */

/* Begin XCBuildConfiguration section */
		70AC184723FE576E005FD23D /* Debug */ = {
			isa = XCBuildConfiguration;
			buildSettings = {
				ALWAYS_SEARCH_USER_PATHS = NO;
				CLANG_ANALYZER_NONNULL = YES;
				CLANG_ANALYZER_NUMBER_OBJECT_CONVERSION = YES_AGGRESSIVE;
				CLANG_CXX_LANGUAGE_STANDARD = "gnu++14";
				CLANG_CXX_LIBRARY = "libc++";
				CLANG_ENABLE_MODULES = YES;
				CLANG_ENABLE_OBJC_ARC = YES;
				CLANG_ENABLE_OBJC_WEAK = YES;
				CLANG_WARN_BLOCK_CAPTURE_AUTORELEASING = YES;
				CLANG_WARN_BOOL_CONVERSION = YES;
				CLANG_WARN_COMMA = YES;
				CLANG_WARN_CONSTANT_CONVERSION = YES;
				CLANG_WARN_DEPRECATED_OBJC_IMPLEMENTATIONS = YES;
				CLANG_WARN_DIRECT_OBJC_ISA_USAGE = YES_ERROR;
				CLANG_WARN_DOCUMENTATION_COMMENTS = YES;
				CLANG_WARN_EMPTY_BODY = YES;
				CLANG_WARN_ENUM_CONVERSION = YES;
				CLANG_WARN_INFINITE_RECURSION = YES;
				CLANG_WARN_INT_CONVERSION = YES;
				CLANG_WARN_NON_LITERAL_NULL_CONVERSION = YES;
				CLANG_WARN_OBJC_IMPLICIT_RETAIN_SELF = YES;
				CLANG_WARN_OBJC_LITERAL_CONVERSION = YES;
				CLANG_WARN_OBJC_ROOT_CLASS = YES_ERROR;
				CLANG_WARN_RANGE_LOOP_ANALYSIS = YES;
				CLANG_WARN_STRICT_PROTOTYPES = YES;
				CLANG_WARN_SUSPICIOUS_MOVE = YES;
				CLANG_WARN_UNGUARDED_AVAILABILITY = YES_AGGRESSIVE;
				CLANG_WARN_UNREACHABLE_CODE = YES;
				CLANG_WARN__DUPLICATE_METHOD_MATCH = YES;
				COPY_PHASE_STRIP = NO;
				DEBUG_INFORMATION_FORMAT = dwarf;
				ENABLE_STRICT_OBJC_MSGSEND = YES;
				ENABLE_TESTABILITY = YES;
				GCC_C_LANGUAGE_STANDARD = gnu11;
				GCC_DYNAMIC_NO_PIC = NO;
				GCC_NO_COMMON_BLOCKS = YES;
				GCC_OPTIMIZATION_LEVEL = 0;
				GCC_PREPROCESSOR_DEFINITIONS = (
					"DEBUG=1",
					"$(inherited)",
				);
				GCC_WARN_64_TO_32_BIT_CONVERSION = YES;
				GCC_WARN_ABOUT_RETURN_TYPE = YES_ERROR;
				GCC_WARN_UNDECLARED_SELECTOR = YES;
				GCC_WARN_UNINITIALIZED_AUTOS = YES_AGGRESSIVE;
				GCC_WARN_UNUSED_FUNCTION = YES;
				GCC_WARN_UNUSED_VARIABLE = YES;
				IPHONEOS_DEPLOYMENT_TARGET = 13.2;
				MTL_ENABLE_DEBUG_INFO = INCLUDE_SOURCE;
				MTL_FAST_MATH = YES;
				ONLY_ACTIVE_ARCH = YES;
				SDKROOT = iphoneos;
				SWIFT_ACTIVE_COMPILATION_CONDITIONS = DEBUG;
				SWIFT_OPTIMIZATION_LEVEL = "-Onone";
			};
			name = Debug;
		};
		70AC184823FE576E005FD23D /* Release */ = {
			isa = XCBuildConfiguration;
			buildSettings = {
				ALWAYS_SEARCH_USER_PATHS = NO;
				CLANG_ANALYZER_NONNULL = YES;
				CLANG_ANALYZER_NUMBER_OBJECT_CONVERSION = YES_AGGRESSIVE;
				CLANG_CXX_LANGUAGE_STANDARD = "gnu++14";
				CLANG_CXX_LIBRARY = "libc++";
				CLANG_ENABLE_MODULES = YES;
				CLANG_ENABLE_OBJC_ARC = YES;
				CLANG_ENABLE_OBJC_WEAK = YES;
				CLANG_WARN_BLOCK_CAPTURE_AUTORELEASING = YES;
				CLANG_WARN_BOOL_CONVERSION = YES;
				CLANG_WARN_COMMA = YES;
				CLANG_WARN_CONSTANT_CONVERSION = YES;
				CLANG_WARN_DEPRECATED_OBJC_IMPLEMENTATIONS = YES;
				CLANG_WARN_DIRECT_OBJC_ISA_USAGE = YES_ERROR;
				CLANG_WARN_DOCUMENTATION_COMMENTS = YES;
				CLANG_WARN_EMPTY_BODY = YES;
				CLANG_WARN_ENUM_CONVERSION = YES;
				CLANG_WARN_INFINITE_RECURSION = YES;
				CLANG_WARN_INT_CONVERSION = YES;
				CLANG_WARN_NON_LITERAL_NULL_CONVERSION = YES;
				CLANG_WARN_OBJC_IMPLICIT_RETAIN_SELF = YES;
				CLANG_WARN_OBJC_LITERAL_CONVERSION = YES;
				CLANG_WARN_OBJC_ROOT_CLASS = YES_ERROR;
				CLANG_WARN_RANGE_LOOP_ANALYSIS = YES;
				CLANG_WARN_STRICT_PROTOTYPES = YES;
				CLANG_WARN_SUSPICIOUS_MOVE = YES;
				CLANG_WARN_UNGUARDED_AVAILABILITY = YES_AGGRESSIVE;
				CLANG_WARN_UNREACHABLE_CODE = YES;
				CLANG_WARN__DUPLICATE_METHOD_MATCH = YES;
				COPY_PHASE_STRIP = NO;
				DEBUG_INFORMATION_FORMAT = "dwarf-with-dsym";
				ENABLE_NS_ASSERTIONS = NO;
				ENABLE_STRICT_OBJC_MSGSEND = YES;
				GCC_C_LANGUAGE_STANDARD = gnu11;
				GCC_NO_COMMON_BLOCKS = YES;
				GCC_WARN_64_TO_32_BIT_CONVERSION = YES;
				GCC_WARN_ABOUT_RETURN_TYPE = YES_ERROR;
				GCC_WARN_UNDECLARED_SELECTOR = YES;
				GCC_WARN_UNINITIALIZED_AUTOS = YES_AGGRESSIVE;
				GCC_WARN_UNUSED_FUNCTION = YES;
				GCC_WARN_UNUSED_VARIABLE = YES;
				IPHONEOS_DEPLOYMENT_TARGET = 13.2;
				MTL_ENABLE_DEBUG_INFO = NO;
				MTL_FAST_MATH = YES;
				SDKROOT = iphoneos;
				SWIFT_COMPILATION_MODE = wholemodule;
				SWIFT_OPTIMIZATION_LEVEL = "-O";
				VALIDATE_PRODUCT = YES;
			};
			name = Release;
		};
		70AC184A23FE576E005FD23D /* Debug */ = {
			isa = XCBuildConfiguration;
			buildSettings = {
				ASSETCATALOG_COMPILER_APPICON_NAME = AppIcon;
				CODE_SIGN_STYLE = Automatic;
				DEVELOPMENT_TEAM = 6JEGC4LC92;
				FRAMEWORK_SEARCH_PATHS = (
					"$(inherited)",
					"$(PROJECT_DIR)/Carthage/Build/iOS",
				);
				INFOPLIST_FILE = CarthagoExample/Info.plist;
				LD_RUNPATH_SEARCH_PATHS = (
					"$(inherited)",
					"@executable_path/Frameworks",
				);
				PRODUCT_BUNDLE_IDENTIFIER = pandaman.identifier.SaveElderProject.SaveElderProjectNew.CarthagoExample;
				PRODUCT_NAME = "$(TARGET_NAME)";
				SWIFT_VERSION = 5.0;
				TARGETED_DEVICE_FAMILY = "1,2";
			};
			name = Debug;
		};
		70AC184B23FE576E005FD23D /* Release */ = {
			isa = XCBuildConfiguration;
			buildSettings = {
				ASSETCATALOG_COMPILER_APPICON_NAME = AppIcon;
				CODE_SIGN_STYLE = Automatic;
				DEVELOPMENT_TEAM = 6JEGC4LC92;
				FRAMEWORK_SEARCH_PATHS = (
					"$(inherited)",
					"$(PROJECT_DIR)/Carthage/Build/iOS",
				);
				INFOPLIST_FILE = CarthagoExample/Info.plist;
				LD_RUNPATH_SEARCH_PATHS = (
					"$(inherited)",
					"@executable_path/Frameworks",
				);
				PRODUCT_BUNDLE_IDENTIFIER = pandaman.identifier.SaveElderProject.SaveElderProjectNew.CarthagoExample;
				PRODUCT_NAME = "$(TARGET_NAME)";
				SWIFT_VERSION = 5.0;
				TARGETED_DEVICE_FAMILY = "1,2";
			};
			name = Release;
		};
/* End XCBuildConfiguration section */

/* Begin XCConfigurationList section */
		70AC183023FE576A005FD23D /* Build configuration list for PBXProject "CarthagoExample" */ = {
			isa = XCConfigurationList;
			buildConfigurations = (
				70AC184723FE576E005FD23D /* Debug */,
				70AC184823FE576E005FD23D /* Release */,
			);
			defaultConfigurationIsVisible = 0;
			defaultConfigurationName = Release;
		};
		70AC184923FE576E005FD23D /* Build configuration list for PBXNativeTarget "CarthagoExample" */ = {
			isa = XCConfigurationList;
			buildConfigurations = (
				70AC184A23FE576E005FD23D /* Debug */,
				70AC184B23FE576E005FD23D /* Release */,
			);
			defaultConfigurationIsVisible = 0;
			defaultConfigurationName = Release;
		};
/* End XCConfigurationList section */
	};
	rootObject = 70AC182D23FE576A005FD23D /* Project object */;
}
